
Microsoft Visual Studio Solution File, Format Version 12.00
# Visual Studio Version 17
VisualStudioVersion = 17.0.32112.339
MinimumVisualStudioVersion = 10.0.40219.1
Project("{FAE04EC0-301F-11D3-BF4B-00C04F79EFBC}") = "ApiLojaStore", "ApiLojaStore.csproj", "{8FDCD058-F97B-4F2D-95E2-7E3D1A85B9AD}"
EndProject
Global
	GlobalSection(SolutionConfigurationPlatforms) = preSolution
		Debug|Any CPU = Debug|Any CPU
		Release|Any CPU = Release|Any CPU
	EndGlobalSection
	GlobalSection(ProjectConfigurationPlatforms) = postSolution
		{8FDCD058-F97B-4F2D-95E2-7E3D1A85B9AD}.Debug|Any CPU.ActiveCfg = Debug|Any CPU
		{8FDCD058-F97B-4F2D-95E2-7E3D1A85B9AD}.Debug|Any CPU.Build.0 = Debug|Any CPU
		{8FDCD058-F97B-4F2D-95E2-7E3D1A85B9AD}.Release|Any CPU.ActiveCfg = Release|Any CPU
		{8FDCD058-F97B-4F2D-95E2-7E3D1A85B9AD}.Release|Any CPU.Build.0 = Release|Any CPU
	EndGlobalSection
	GlobalSection(SolutionProperties) = preSolution
		HideSolutionNode = FALSE
	EndGlobalSection
	GlobalSection(ExtensibilityGlobals) = postSolution
		SolutionGuid = {9361ABA1-F7D6-44BE-9D6B-F950E9A8DAF6}
	EndGlobalSection
EndGlobal
